<?xml version="1.0" encoding="utf-8"?>
<Project ToolsVersion="4.0" xmlns="http://schemas.microsoft.com/developer/msbuild/2003">
  <ItemGroup>
    <Filter Include="Source Files">
      <UniqueIdentifier>{4FC737F1-C7A5-4376-A066-2A32D752A2FF}</UniqueIdentifier>
      <Extensions>cpp;c;cc;cxx;def;odl;idl;hpj;bat;asm;asmx</Extensions>
    </Filter>
    <Filter Include="Header Files">
      <UniqueIdentifier>{93995380-89BD-4b04-88EB-625FBE52EBFB}</UniqueIdentifier>
      <Extensions>h;hpp;hxx;hm;inl;inc;xsd</Extensions>
    </Filter>
    <Filter Include="Resource Files">
      <UniqueIdentifier>{67DA6AB6-F800-4c08-8B7A-83BB121AAD01}</UniqueIdentifier>
      <Extensions>rc;ico;cur;bmp;dlg;rc2;rct;bin;rgs;gif;jpg;jpeg;jpe;resx;tiff;tif;png;wav;mfcribbon-ms</Extensions>
    </Filter>
    <Filter Include="Source Files\core">
      <UniqueIdentifier>{d2941138-6c86-4bfb-993f-6db2739911f0}</UniqueIdentifier>
    </Filter>
    <Filter Include="Header Files\ads">
      <UniqueIdentifier>{a22f23f6-3831-4aac-a2cd-72d84b448910}</UniqueIdentifier>
    </Filter>
    <Filter Include="Header Files\core">
      <UniqueIdentifier>{de50bb1b-5db6-4789-80e8-c59155078b40}</UniqueIdentifier>
    </Filter>
    <Filter Include="Header Files\util">
      <UniqueIdentifier>{2d30b90c-d85d-4cbd-b13d-641f50778b07}</UniqueIdentifier>
    </Filter>
    <Filter Include="Source Files\ads">
      <UniqueIdentifier>{022f8814-a50b-4796-a206-135058c46058}</UniqueIdentifier>
    </Filter>
  </ItemGroup>
  <ItemGroup>
    <ClInclude Include="ShellItems.h">
      <Filter>Header Files</Filter>
    </ClInclude>
    <ClInclude Include="RootShellView.h">
      <Filter>Header Files</Filter>
    </ClInclude>
    <ClInclude Include="ShellFolderView.h">
      <Filter>Header Files</Filter>
    </ClInclude>
    <ClInclude Include="RootShellFolder.h">
      <Filter>Header Files</Filter>
    </ClInclude>
    <ClInclude Include="EnumerateExplorerWindows.h">
      <Filter>Header Files</Filter>
    </ClInclude>
    <ClInclude Include="resource.h">
      <Filter>Header Files\core</Filter>
    </ClInclude>
    <ClInclude Include="targetver.h">
      <Filter>Header Files\core</Filter>
    </ClInclude>
    <ClInclude Include="stdafx.h">
      <Filter>Header Files\core</Filter>
    </ClInclude>
    <ClInclude Include="CComEnumOnCArray.h">
      <Filter>Header Files\util</Filter>
    </ClInclude>
    <ClInclude Include="CStringCopyTo.h">
      <Filter>Header Files\util</Filter>
    </ClInclude>
    <ClInclude Include="MPidlMgr.h">
      <Filter>Header Files\util</Filter>
    </ClInclude>
    <ClInclude Include="wtlstr.h">
      <Filter>Header Files\util</Filter>
    </ClInclude>
    <ClInclude Include="ads.h">
      <Filter>Header Files\ads</Filter>
    </ClInclude>
    <ClInclude Include="RootShellFolderADS.h">
      <Filter>Header Files</Filter>
    </ClInclude>
    <ClInclude Include="RootShellViewADS.h">
      <Filter>Header Files</Filter>
    </ClInclude>
  </ItemGroup>
  <ItemGroup>
    <ClCompile Include="ADSExplorer.cpp">
      <Filter>Source Files</Filter>
    </ClCompile>
    <ClCompile Include="EnumerateExplorerWindows.cpp">
      <Filter>Source Files</Filter>
    </ClCompile>
    <ClCompile Include="ShellItems.cpp">
      <Filter>Source Files</Filter>
    </ClCompile>
    <ClCompile Include="RootShellFolder.cpp">
      <Filter>Source Files</Filter>
    </ClCompile>
    <ClCompile Include="stdafx.cpp">
      <Filter>Source Files\core</Filter>
    </ClCompile>
    <ClCompile Include="ads_enumerate.cpp">
      <Filter>Source Files\ads</Filter>
    </ClCompile>
  </ItemGroup>
  <ItemGroup>
    <ResourceCompile Include="ADSExplorer.rc">
      <Filter>Resource Files</Filter>
    </ResourceCompile>
  </ItemGroup>
  <ItemGroup>
    <None Include="RootShellFolder.rgs">
      <Filter>Resource Files</Filter>
    </None>
    <None Include="icon1.ico">
      <Filter>Resource Files</Filter>
    </None>
    <None Include="ADSExplorer.def">
      <Filter>Source Files\core</Filter>
    </None>
    <None Include="..\.clang-format">
      <Filter>Resource Files</Filter>
    </None>
    <None Include="register.bat">
      <Filter>Resource Files</Filter>
    </None>
    <None Include="unregister.bat">
      <Filter>Resource Files</Filter>
    </None>
  </ItemGroup>
  <ItemGroup>
    <Midl Include="ADSExplorer.idl">
      <Filter>Source Files\core</Filter>
    </Midl>
  </ItemGroup>
  <ItemGroup>
    <Text Include="..\notes.txt">
      <Filter>Resource Files</Filter>
    </Text>
  </ItemGroup>
</Project>