<?xml version="1.0" encoding="utf-8"?>
<Project ToolsVersion="4.0" xmlns="http://schemas.microsoft.com/developer/msbuild/2003">
  <ItemGroup>
    <Filter Include="Source Files">
      <UniqueIdentifier>{5E04F036-B755-4668-BF27-08F70705EC27}</UniqueIdentifier>
      <Extensions>cpp;c;cc;cxx;def;odl;idl;hpj;bat;asm;asmx</Extensions>
    </Filter>
    <Filter Include="Header Files">
      <UniqueIdentifier>{067E4CC4-BBAB-474F-8694-1FF615F15538}</UniqueIdentifier>
      <Extensions>h;hpp;hxx;hm;inl;inc;xsd</Extensions>
    </Filter>
    <Filter Include="Resource Files">
      <UniqueIdentifier>{F58325AA-4440-4022-9BDF-C6587E49182C}</UniqueIdentifier>
      <Extensions>rc;ico;cur;bmp;dlg;rc2;rct;bin;rgs;gif;jpg;jpeg;jpe;resx;tiff;tif;png;wav;mfcribbon-ms</Extensions>
    </Filter>
  </ItemGroup>
  <ItemGroup>
    <ClInclude Include="stdafx.h">
      <Filter>Header Files</Filter>
    </ClInclude>
    <ClInclude Include="targetver.h">
      <Filter>Header Files</Filter>
    </ClInclude>
    <ClInclude Include="ShellItems.h">
      <Filter>Header Files</Filter>
    </ClInclude>
    <ClInclude Include="RootShellView.h">
      <Filter>Header Files</Filter>
    </ClInclude>
    <ClInclude Include="ShellFolderView.h">
      <Filter>Header Files</Filter>
    </ClInclude>
    <ClInclude Include="RootShellFolder.h">
      <Filter>Header Files</Filter>
    </ClInclude>
    <ClInclude Include="resource.h">
      <Filter>Header Files</Filter>
    </ClInclude>
    <ClInclude Include="defer.h">
      <Filter>Header Files</Filter>
    </ClInclude>
    <ClInclude Include="CADSXEnumIDList.h">
      <Filter>Header Files</Filter>
    </ClInclude>
    <ClInclude Include="CADSXItem.h">
      <Filter>Header Files</Filter>
    </ClInclude>
    <ClInclude Include="iids.h">
      <Filter>Header Files</Filter>
    </ClInclude>
    <ClInclude Include="DebugPrint.h">
      <Filter>Header Files</Filter>
    </ClInclude>
  </ItemGroup>
  <ItemGroup>
    <ClCompile Include="stdafx.cpp">
      <Filter>Source Files</Filter>
    </ClCompile>
    <ClCompile Include="ADSExplorer.cpp">
      <Filter>Source Files</Filter>
    </ClCompile>
    <ClCompile Include="ShellItems.cpp">
      <Filter>Source Files</Filter>
    </ClCompile>
    <ClCompile Include="RootShellFolder.cpp">
      <Filter>Source Files</Filter>
    </ClCompile>
    <ClCompile Include="CADSXEnumIDList.cpp">
      <Filter>Header Files</Filter>
    </ClCompile>
    <ClCompile Include="CADSXItem.cpp">
      <Filter>Header Files</Filter>
    </ClCompile>
    <ClCompile Include="DebugPrint.cpp">
      <Filter>Source Files</Filter>
    </ClCompile>
  </ItemGroup>
  <ItemGroup>
    <Midl Include="ADSExplorer.idl">
      <Filter>Source Files</Filter>
    </Midl>
  </ItemGroup>
  <ItemGroup>
    <ResourceCompile Include="ADSExplorer.rc">
      <Filter>Resource Files</Filter>
    </ResourceCompile>
  </ItemGroup>
  <ItemGroup>
    <None Include="RootShellFolder.rgs">
      <Filter>Resource Files</Filter>
    </None>
    <None Include="icon1.ico">
      <Filter>Resource Files</Filter>
    </None>
    <None Include="ADSExplorer.def">
      <Filter>Source Files</Filter>
    </None>
    <None Include="buildandreinstall.ps1">
      <Filter>Resource Files</Filter>
    </None>
  </ItemGroup>
</Project>